
Microsoft Visual Studio Solution File, Format Version 12.00
# Visual Studio Version 16
VisualStudioVersion = 16.0.30907.101
MinimumVisualStudioVersion = 10.0.40219.1
Project("{FAE04EC0-301F-11D3-BF4B-00C04F79EFBC}") = "Hahn.ApplicatonProcess.Application", "Hahn.ApplicatonProcess.Application\Hahn.ApplicatonProcess.Application.csproj", "{CE6283BB-18B0-4703-905D-6E612A3DC106}"
EndProject
Project("{FAE04EC0-301F-11D3-BF4B-00C04F79EFBC}") = "Hahn.ApplicatonProcess.December2020.Domain", "Hahn.ApplicatonProcess.December2020.Domain\Hahn.ApplicatonProcess.December2020.Domain.csproj", "{8B56B167-F5C5-416C-985E-B7439AA4C277}"
EndProject
Project("{FAE04EC0-301F-11D3-BF4B-00C04F79EFBC}") = "Hahn.ApplicatonProcess.December2020.Data", "Hahn.ApplicatonProcess.December2020.Data\Hahn.ApplicatonProcess.December2020.Data.csproj", "{2586FA53-1892-4343-9E76-C192FDA1C5A0}"
EndProject
Global
	GlobalSection(SolutionConfigurationPlatforms) = preSolution
		Debug|Any CPU = Debug|Any CPU
		Release|Any CPU = Release|Any CPU
	EndGlobalSection
	GlobalSection(ProjectConfigurationPlatforms) = postSolution
		{CE6283BB-18B0-4703-905D-6E612A3DC106}.Debug|Any CPU.ActiveCfg = Debug|Any CPU
		{CE6283BB-18B0-4703-905D-6E612A3DC106}.Debug|Any CPU.Build.0 = Debug|Any CPU
		{CE6283BB-18B0-4703-905D-6E612A3DC106}.Release|Any CPU.ActiveCfg = Release|Any CPU
		{CE6283BB-18B0-4703-905D-6E612A3DC106}.Release|Any CPU.Build.0 = Release|Any CPU
		{8B56B167-F5C5-416C-985E-B7439AA4C277}.Debug|Any CPU.ActiveCfg = Debug|Any CPU
		{8B56B167-F5C5-416C-985E-B7439AA4C277}.Debug|Any CPU.Build.0 = Debug|Any CPU
		{8B56B167-F5C5-416C-985E-B7439AA4C277}.Release|Any CPU.ActiveCfg = Release|Any CPU
		{8B56B167-F5C5-416C-985E-B7439AA4C277}.Release|Any CPU.Build.0 = Release|Any CPU
		{2586FA53-1892-4343-9E76-C192FDA1C5A0}.Debug|Any CPU.ActiveCfg = Debug|Any CPU
		{2586FA53-1892-4343-9E76-C192FDA1C5A0}.Debug|Any CPU.Build.0 = Debug|Any CPU
		{2586FA53-1892-4343-9E76-C192FDA1C5A0}.Release|Any CPU.ActiveCfg = Release|Any CPU
		{2586FA53-1892-4343-9E76-C192FDA1C5A0}.Release|Any CPU.Build.0 = Release|Any CPU
	EndGlobalSection
	GlobalSection(SolutionProperties) = preSolution
		HideSolutionNode = FALSE
	EndGlobalSection
	GlobalSection(ExtensibilityGlobals) = postSolution
		SolutionGuid = {0D8FEE2A-111D-4CF0-BB98-21239A4AFDBD}
	EndGlobalSection
EndGlobal
